
Microsoft Visual Studio Solution File, Format Version 11.00
# Visual C# Express 2010
Project("{FAE04EC0-301F-11D3-BF4B-00C04F79EFBC}") = "TestDBObject2", "DBObject2\TestDBObject2.csproj", "{66E57455-D536-4FC9-A1E2-5FD2B4054ABA}"
EndProject
Project("{FAE04EC0-301F-11D3-BF4B-00C04F79EFBC}") = "DBObject", "DBObject\DBObject.csproj", "{CBD38204-6421-4973-8630-46D82B54E995}"
EndProject
Project("{FAE04EC0-301F-11D3-BF4B-00C04F79EFBC}") = "Console", "Console\Console.csproj", "{A745A62E-1EF6-4241-B05B-C2DA15C4FCC9}"
EndProject
Global
	GlobalSection(SolutionConfigurationPlatforms) = preSolution
		Debug|Any CPU = Debug|Any CPU
		Debug|Mixed Platforms = Debug|Mixed Platforms
		Debug|x86 = Debug|x86
		Release|Any CPU = Release|Any CPU
		Release|Mixed Platforms = Release|Mixed Platforms
		Release|x86 = Release|x86
	EndGlobalSection
	GlobalSection(ProjectConfigurationPlatforms) = postSolution
		{66E57455-D536-4FC9-A1E2-5FD2B4054ABA}.Debug|Any CPU.ActiveCfg = Debug|Any CPU
		{66E57455-D536-4FC9-A1E2-5FD2B4054ABA}.Debug|Any CPU.Build.0 = Debug|Any CPU
		{66E57455-D536-4FC9-A1E2-5FD2B4054ABA}.Debug|Mixed Platforms.ActiveCfg = Debug|Any CPU
		{66E57455-D536-4FC9-A1E2-5FD2B4054ABA}.Debug|Mixed Platforms.Build.0 = Debug|Any CPU
		{66E57455-D536-4FC9-A1E2-5FD2B4054ABA}.Debug|x86.ActiveCfg = Debug|Any CPU
		{66E57455-D536-4FC9-A1E2-5FD2B4054ABA}.Release|Any CPU.ActiveCfg = Release|Any CPU
		{66E57455-D536-4FC9-A1E2-5FD2B4054ABA}.Release|Any CPU.Build.0 = Release|Any CPU
		{66E57455-D536-4FC9-A1E2-5FD2B4054ABA}.Release|Mixed Platforms.ActiveCfg = Release|Any CPU
		{66E57455-D536-4FC9-A1E2-5FD2B4054ABA}.Release|Mixed Platforms.Build.0 = Release|Any CPU
		{66E57455-D536-4FC9-A1E2-5FD2B4054ABA}.Release|x86.ActiveCfg = Release|Any CPU
		{CBD38204-6421-4973-8630-46D82B54E995}.Debug|Any CPU.ActiveCfg = Debug|Any CPU
		{CBD38204-6421-4973-8630-46D82B54E995}.Debug|Any CPU.Build.0 = Debug|Any CPU
		{CBD38204-6421-4973-8630-46D82B54E995}.Debug|Mixed Platforms.ActiveCfg = Debug|Any CPU
		{CBD38204-6421-4973-8630-46D82B54E995}.Debug|Mixed Platforms.Build.0 = Debug|Any CPU
		{CBD38204-6421-4973-8630-46D82B54E995}.Debug|x86.ActiveCfg = Debug|Any CPU
		{CBD38204-6421-4973-8630-46D82B54E995}.Release|Any CPU.ActiveCfg = Release|Any CPU
		{CBD38204-6421-4973-8630-46D82B54E995}.Release|Any CPU.Build.0 = Release|Any CPU
		{CBD38204-6421-4973-8630-46D82B54E995}.Release|Mixed Platforms.ActiveCfg = Release|Any CPU
		{CBD38204-6421-4973-8630-46D82B54E995}.Release|Mixed Platforms.Build.0 = Release|Any CPU
		{CBD38204-6421-4973-8630-46D82B54E995}.Release|x86.ActiveCfg = Release|Any CPU
		{A745A62E-1EF6-4241-B05B-C2DA15C4FCC9}.Debug|Any CPU.ActiveCfg = Debug|x86
		{A745A62E-1EF6-4241-B05B-C2DA15C4FCC9}.Debug|Mixed Platforms.ActiveCfg = Debug|x86
		{A745A62E-1EF6-4241-B05B-C2DA15C4FCC9}.Debug|Mixed Platforms.Build.0 = Debug|x86
		{A745A62E-1EF6-4241-B05B-C2DA15C4FCC9}.Debug|x86.ActiveCfg = Debug|x86
		{A745A62E-1EF6-4241-B05B-C2DA15C4FCC9}.Debug|x86.Build.0 = Debug|x86
		{A745A62E-1EF6-4241-B05B-C2DA15C4FCC9}.Release|Any CPU.ActiveCfg = Release|x86
		{A745A62E-1EF6-4241-B05B-C2DA15C4FCC9}.Release|Mixed Platforms.ActiveCfg = Release|x86
		{A745A62E-1EF6-4241-B05B-C2DA15C4FCC9}.Release|Mixed Platforms.Build.0 = Release|x86
		{A745A62E-1EF6-4241-B05B-C2DA15C4FCC9}.Release|x86.ActiveCfg = Release|x86
		{A745A62E-1EF6-4241-B05B-C2DA15C4FCC9}.Release|x86.Build.0 = Release|x86
	EndGlobalSection
	GlobalSection(SolutionProperties) = preSolution
		HideSolutionNode = FALSE
	EndGlobalSection
EndGlobal
